
Microsoft Visual Studio Solution File, Format Version 12.00
# Visual Studio Express 15 for Windows Desktop
VisualStudioVersion = 15.0.28307.1433
MinimumVisualStudioVersion = 10.0.40219.1
Project("{FAE04EC0-301F-11D3-BF4B-00C04F79EFBC}") = "ImageBox_Test", "ImageBox_Test\ImageBox_Test.csproj", "{C36340DF-E604-49E6-AF35-D90DBAC00959}"
	ProjectSection(ProjectDependencies) = postProject
		{754433CB-9EFE-48F1-8769-74973CCBB6A3} = {754433CB-9EFE-48F1-8769-74973CCBB6A3}
	EndProjectSection
EndProject
Project("{FAE04EC0-301F-11D3-BF4B-00C04F79EFBC}") = "ShimLib.ImageBox", "ShimLib.ImageBox\ShimLib.ImageBox.csproj", "{AF27C1E9-D990-434D-AA3F-B277D51DE726}"
	ProjectSection(ProjectDependencies) = postProject
		{754433CB-9EFE-48F1-8769-74973CCBB6A3} = {754433CB-9EFE-48F1-8769-74973CCBB6A3}
	EndProjectSection
EndProject
Project("{FAE04EC0-301F-11D3-BF4B-00C04F79EFBC}") = "ShimLib.Util", "ShimLib.Util\ShimLib.Util.csproj", "{754433CB-9EFE-48F1-8769-74973CCBB6A3}"
EndProject
Global
	GlobalSection(SolutionConfigurationPlatforms) = preSolution
		Debug|Any CPU = Debug|Any CPU
		Release|Any CPU = Release|Any CPU
	EndGlobalSection
	GlobalSection(ProjectConfigurationPlatforms) = postSolution
		{C36340DF-E604-49E6-AF35-D90DBAC00959}.Debug|Any CPU.ActiveCfg = Debug|Any CPU
		{C36340DF-E604-49E6-AF35-D90DBAC00959}.Debug|Any CPU.Build.0 = Debug|Any CPU
		{C36340DF-E604-49E6-AF35-D90DBAC00959}.Release|Any CPU.ActiveCfg = Release|Any CPU
		{C36340DF-E604-49E6-AF35-D90DBAC00959}.Release|Any CPU.Build.0 = Release|Any CPU
		{AF27C1E9-D990-434D-AA3F-B277D51DE726}.Debug|Any CPU.ActiveCfg = Debug|Any CPU
		{AF27C1E9-D990-434D-AA3F-B277D51DE726}.Debug|Any CPU.Build.0 = Debug|Any CPU
		{AF27C1E9-D990-434D-AA3F-B277D51DE726}.Release|Any CPU.ActiveCfg = Release|Any CPU
		{AF27C1E9-D990-434D-AA3F-B277D51DE726}.Release|Any CPU.Build.0 = Release|Any CPU
		{754433CB-9EFE-48F1-8769-74973CCBB6A3}.Debug|Any CPU.ActiveCfg = Debug|Any CPU
		{754433CB-9EFE-48F1-8769-74973CCBB6A3}.Debug|Any CPU.Build.0 = Debug|Any CPU
		{754433CB-9EFE-48F1-8769-74973CCBB6A3}.Release|Any CPU.ActiveCfg = Release|Any CPU
		{754433CB-9EFE-48F1-8769-74973CCBB6A3}.Release|Any CPU.Build.0 = Release|Any CPU
	EndGlobalSection
	GlobalSection(SolutionProperties) = preSolution
		HideSolutionNode = FALSE
	EndGlobalSection
	GlobalSection(ExtensibilityGlobals) = postSolution
		SolutionGuid = {77912C86-36E1-42E0-9A8A-653B76A48D4A}
	EndGlobalSection
EndGlobal
