
Microsoft Visual Studio Solution File, Format Version 10.00
# Visual Studio 2008
Project("{FAE04EC0-301F-11D3-BF4B-00C04F79EFBC}") = "ImageBox_Test", "ImageBox_Test\ImageBox_Test.csproj", "{C36340DF-E604-49E6-AF35-D90DBAC00959}"
EndProject
Project("{FAE04EC0-301F-11D3-BF4B-00C04F79EFBC}") = "ShimLib.ImageBox", "ShimLib.ImageBox\ShimLib.ImageBox.csproj", "{AF27C1E9-D990-434D-AA3F-B277D51DE726}"
EndProject
Global
	GlobalSection(SolutionConfigurationPlatforms) = preSolution
		Debug|Any CPU = Debug|Any CPU
		Release|Any CPU = Release|Any CPU
	EndGlobalSection
	GlobalSection(ProjectConfigurationPlatforms) = postSolution
		{C36340DF-E604-49E6-AF35-D90DBAC00959}.Debug|Any CPU.ActiveCfg = Debug|Any CPU
		{C36340DF-E604-49E6-AF35-D90DBAC00959}.Debug|Any CPU.Build.0 = Debug|Any CPU
		{C36340DF-E604-49E6-AF35-D90DBAC00959}.Release|Any CPU.ActiveCfg = Release|Any CPU
		{C36340DF-E604-49E6-AF35-D90DBAC00959}.Release|Any CPU.Build.0 = Release|Any CPU
		{AF27C1E9-D990-434D-AA3F-B277D51DE726}.Debug|Any CPU.ActiveCfg = Debug|Any CPU
		{AF27C1E9-D990-434D-AA3F-B277D51DE726}.Debug|Any CPU.Build.0 = Debug|Any CPU
		{AF27C1E9-D990-434D-AA3F-B277D51DE726}.Release|Any CPU.ActiveCfg = Release|Any CPU
		{AF27C1E9-D990-434D-AA3F-B277D51DE726}.Release|Any CPU.Build.0 = Release|Any CPU
	EndGlobalSection
	GlobalSection(SolutionProperties) = preSolution
		HideSolutionNode = FALSE
	EndGlobalSection
EndGlobal
